// !$*UTF8*$!
{
	archiveVersion = 1;
	classes = {
	};
	objectVersion = 77;
	objects = {

/* Begin PBXBuildFile section */
		0C93E9D2CD5AB4A79C631968 /* DesignSystem in Frameworks */ = {isa = PBXBuildFile; productRef = 07D2BCB643225A5D004E5C3D /* DesignSystem */; };
		3544D9D9804130EFD9EACA29 /* MadaminuApp.swift in Sources */ = {isa = PBXBuildFile; fileRef = 9AFBCBE59C906F9A1C84B952 /* MadaminuApp.swift */; };
		3B4BB56128F6B6ADD1D88110 /* MadaminuKit in Frameworks */ = {isa = PBXBuildFile; productRef = 0909B6EA967FCBF78BE6A5E1 /* MadaminuKit */; };
/* End PBXBuildFile section */

/* Begin PBXFileReference section */
		9AFBCBE59C906F9A1C84B952 /* MadaminuApp.swift */ = {isa = PBXFileReference; lastKnownFileType = sourcecode.swift; path = MadaminuApp.swift; sourceTree = "<group>"; };
		ECCAC04BE78F22E821A0868E /* Madaminu.app */ = {isa = PBXFileReference; explicitFileType = wrapper.application; includeInIndex = 0; path = Madaminu.app; sourceTree = BUILT_PRODUCTS_DIR; };
		FABD28EDB0AA66D5F4BC800C /* Madaminu */ = {isa = PBXFileReference; lastKnownFileType = folder; name = Madaminu; path = .; sourceTree = SOURCE_ROOT; };
/* End PBXFileReference section */

/* Begin PBXFrameworksBuildPhase section */
		5B785E292932E48C2E46C8C4 /* Frameworks */ = {
			isa = PBXFrameworksBuildPhase;
			buildActionMask = 2147483647;
			files = (
				3B4BB56128F6B6ADD1D88110 /* MadaminuKit in Frameworks */,
				0C93E9D2CD5AB4A79C631968 /* DesignSystem in Frameworks */,
			);
			runOnlyForDeploymentPostprocessing = 0;
		};
/* End PBXFrameworksBuildPhase section */

/* Begin PBXGroup section */
		47A7E9E9B883F8FFB86AA164 = {
			isa = PBXGroup;
			children = (
				BA58C8E978EB96968ADBDF57 /* App */,
				A552CE6CC0CC5D5565158E61 /* Packages */,
				519A58B525FE87E270A755DC /* Products */,
			);
			sourceTree = "<group>";
		};
		519A58B525FE87E270A755DC /* Products */ = {
			isa = PBXGroup;
			children = (
				ECCAC04BE78F22E821A0868E /* Madaminu.app */,
			);
			name = Products;
			sourceTree = "<group>";
		};
		A552CE6CC0CC5D5565158E61 /* Packages */ = {
			isa = PBXGroup;
			children = (
				FABD28EDB0AA66D5F4BC800C /* Madaminu */,
			);
			name = Packages;
			sourceTree = "<group>";
		};
		BA58C8E978EB96968ADBDF57 /* App */ = {
			isa = PBXGroup;
			children = (
				9AFBCBE59C906F9A1C84B952 /* MadaminuApp.swift */,
			);
			name = App;
			path = Sources/App;
			sourceTree = "<group>";
		};
/* End PBXGroup section */

/* Begin PBXNativeTarget section */
		BD66446DCAC1D0742D089BE6 /* Madaminu */ = {
			isa = PBXNativeTarget;
			buildConfigurationList = 4AA577AFC0BA43FF83D71443 /* Build configuration list for PBXNativeTarget "Madaminu" */;
			buildPhases = (
				E8CF7A1B296A9A38A81F4BB4 /* Sources */,
				5B785E292932E48C2E46C8C4 /* Frameworks */,
			);
			buildRules = (
			);
			dependencies = (
			);
			name = Madaminu;
			packageProductDependencies = (
				0909B6EA967FCBF78BE6A5E1 /* MadaminuKit */,
				07D2BCB643225A5D004E5C3D /* DesignSystem */,
			);
			productName = Madaminu;
			productReference = ECCAC04BE78F22E821A0868E /* Madaminu.app */;
			productType = "com.apple.product-type.application";
		};
/* End PBXNativeTarget section */

/* Begin PBXProject section */
		E9F671C8AD76659EFBD40EF8 /* Project object */ = {
			isa = PBXProject;
			attributes = {
				BuildIndependentTargetsInParallel = YES;
				LastUpgradeCheck = 1600;
				TargetAttributes = {
					BD66446DCAC1D0742D089BE6 = {
						ProvisioningStyle = Automatic;
					};
				};
			};
			buildConfigurationList = 5EED2BB4BF56312A43365F24 /* Build configuration list for PBXProject "Madaminu" */;
			developmentRegion = en;
			hasScannedForEncodings = 0;
			knownRegions = (
				Base,
				en,
			);
			mainGroup = 47A7E9E9B883F8FFB86AA164;
			minimizedProjectReferenceProxies = 1;
			packageReferences = (
				63C63C0AFF605E3FDE218EFD /* XCLocalSwiftPackageReference "." */,
				AB5C27FCC9F1EB8551FE00BC /* XCLocalSwiftPackageReference "." */,
			);
			preferredProjectObjectVersion = 77;
			productRefGroup = 519A58B525FE87E270A755DC /* Products */;
			projectDirPath = "";
			projectRoot = "";
			targets = (
				BD66446DCAC1D0742D089BE6 /* Madaminu */,
			);
		};
/* End PBXProject section */

/* Begin PBXSourcesBuildPhase section */
		E8CF7A1B296A9A38A81F4BB4 /* Sources */ = {
			isa = PBXSourcesBuildPhase;
			buildActionMask = 2147483647;
			files = (
				3544D9D9804130EFD9EACA29 /* MadaminuApp.swift in Sources */,
			);
			runOnlyForDeploymentPostprocessing = 0;
		};
/* End PBXSourcesBuildPhase section */

/* Begin XCBuildConfiguration section */
		7FE16F4D9B4E3BDBCC390A47 /* Release */ = {
			isa = XCBuildConfiguration;
			buildSettings = {
				ASSETCATALOG_COMPILER_APPICON_NAME = AppIcon;
				CODE_SIGN_IDENTITY = "iPhone Developer";
				CODE_SIGN_STYLE = Automatic;
				CURRENT_PROJECT_VERSION = 1;
				DEVELOPMENT_TEAM = HKBTTBGB25;
				INFOPLIST_FILE = Info.plist;
				INFOPLIST_GENERATION = YES;
				LD_RUNPATH_SEARCH_PATHS = (
					"$(inherited)",
					"@executable_path/Frameworks",
				);
				MARKETING_VERSION = 0.1.0;
				PRODUCT_BUNDLE_IDENTIFIER = com.katsut.madaminu;
				SDKROOT = iphoneos;
				SWIFT_VERSION = 6.0;
				TARGETED_DEVICE_FAMILY = "1,2";
			};
			name = Release;
		};
		AAA84C85D4A6E4360E48F04E /* Debug */ = {
			isa = XCBuildConfiguration;
			buildSettings = {
				ALWAYS_SEARCH_USER_PATHS = NO;
				CLANG_ANALYZER_NONNULL = YES;
				CLANG_ANALYZER_NUMBER_OBJECT_CONVERSION = YES_AGGRESSIVE;
				CLANG_CXX_LANGUAGE_STANDARD = "gnu++14";
				CLANG_CXX_LIBRARY = "libc++";
				CLANG_ENABLE_MODULES = YES;
				CLANG_ENABLE_OBJC_ARC = YES;
				CLANG_ENABLE_OBJC_WEAK = YES;
				CLANG_WARN_BLOCK_CAPTURE_AUTORELEASING = YES;
				CLANG_WARN_BOOL_CONVERSION = YES;
				CLANG_WARN_COMMA = YES;
				CLANG_WARN_CONSTANT_CONVERSION = YES;
				CLANG_WARN_DEPRECATED_OBJC_IMPLEMENTATIONS = YES;
				CLANG_WARN_DIRECT_OBJC_ISA_USAGE = YES_ERROR;
				CLANG_WARN_DOCUMENTATION_COMMENTS = YES;
				CLANG_WARN_EMPTY_BODY = YES;
				CLANG_WARN_ENUM_CONVERSION = YES;
				CLANG_WARN_INFINITE_RECURSION = YES;
				CLANG_WARN_INT_CONVERSION = YES;
				CLANG_WARN_NON_LITERAL_NULL_CONVERSION = YES;
				CLANG_WARN_OBJC_IMPLICIT_RETAIN_SELF = YES;
				CLANG_WARN_OBJC_LITERAL_CONVERSION = YES;
				CLANG_WARN_OBJC_ROOT_CLASS = YES_ERROR;
				CLANG_WARN_QUOTED_INCLUDE_IN_FRAMEWORK_HEADER = YES;
				CLANG_WARN_RANGE_LOOP_ANALYSIS = YES;
				CLANG_WARN_STRICT_PROTOTYPES = YES;
				CLANG_WARN_SUSPICIOUS_MOVE = YES;
				CLANG_WARN_UNGUARDED_AVAILABILITY = YES_AGGRESSIVE;
				CLANG_WARN_UNREACHABLE_CODE = YES;
				CLANG_WARN__DUPLICATE_METHOD_MATCH = YES;
				COPY_PHASE_STRIP = NO;
				DEBUG_INFORMATION_FORMAT = dwarf;
				ENABLE_STRICT_OBJC_MSGSEND = YES;
				ENABLE_TESTABILITY = YES;
				GCC_C_LANGUAGE_STANDARD = gnu11;
				GCC_DYNAMIC_NO_PIC = NO;
				GCC_NO_COMMON_BLOCKS = YES;
				GCC_OPTIMIZATION_LEVEL = 0;
				GCC_PREPROCESSOR_DEFINITIONS = (
					"$(inherited)",
					"DEBUG=1",
				);
				GCC_WARN_64_TO_32_BIT_CONVERSION = YES;
				GCC_WARN_ABOUT_RETURN_TYPE = YES_ERROR;
				GCC_WARN_UNDECLARED_SELECTOR = YES;
				GCC_WARN_UNINITIALIZED_AUTOS = YES_AGGRESSIVE;
				GCC_WARN_UNUSED_FUNCTION = YES;
				GCC_WARN_UNUSED_VARIABLE = YES;
				IPHONEOS_DEPLOYMENT_TARGET = 17.0;
				MTL_ENABLE_DEBUG_INFO = INCLUDE_SOURCE;
				MTL_FAST_MATH = YES;
				ONLY_ACTIVE_ARCH = YES;
				PRODUCT_NAME = "$(TARGET_NAME)";
				SDKROOT = iphoneos;
				SWIFT_ACTIVE_COMPILATION_CONDITIONS = DEBUG;
				SWIFT_OPTIMIZATION_LEVEL = "-Onone";
				SWIFT_VERSION = 5.0;
			};
			name = Debug;
		};
		D66F7501146F86A80D3835D6 /* Debug */ = {
			isa = XCBuildConfiguration;
			buildSettings = {
				ASSETCATALOG_COMPILER_APPICON_NAME = AppIcon;
				CODE_SIGN_IDENTITY = "iPhone Developer";
				CODE_SIGN_STYLE = Automatic;
				CURRENT_PROJECT_VERSION = 1;
				DEVELOPMENT_TEAM = HKBTTBGB25;
				INFOPLIST_FILE = Info.plist;
				INFOPLIST_GENERATION = YES;
				LD_RUNPATH_SEARCH_PATHS = (
					"$(inherited)",
					"@executable_path/Frameworks",
				);
				MARKETING_VERSION = 0.1.0;
				PRODUCT_BUNDLE_IDENTIFIER = com.katsut.madaminu;
				SDKROOT = iphoneos;
				SWIFT_VERSION = 6.0;
				TARGETED_DEVICE_FAMILY = "1,2";
			};
			name = Debug;
		};
		D8A5B409B7213FD6117709A6 /* Release */ = {
			isa = XCBuildConfiguration;
			buildSettings = {
				ALWAYS_SEARCH_USER_PATHS = NO;
				CLANG_ANALYZER_NONNULL = YES;
				CLANG_ANALYZER_NUMBER_OBJECT_CONVERSION = YES_AGGRESSIVE;
				CLANG_CXX_LANGUAGE_STANDARD = "gnu++14";
				CLANG_CXX_LIBRARY = "libc++";
				CLANG_ENABLE_MODULES = YES;
				CLANG_ENABLE_OBJC_ARC = YES;
				CLANG_ENABLE_OBJC_WEAK = YES;
				CLANG_WARN_BLOCK_CAPTURE_AUTORELEASING = YES;
				CLANG_WARN_BOOL_CONVERSION = YES;
				CLANG_WARN_COMMA = YES;
				CLANG_WARN_CONSTANT_CONVERSION = YES;
				CLANG_WARN_DEPRECATED_OBJC_IMPLEMENTATIONS = YES;
				CLANG_WARN_DIRECT_OBJC_ISA_USAGE = YES_ERROR;
				CLANG_WARN_DOCUMENTATION_COMMENTS = YES;
				CLANG_WARN_EMPTY_BODY = YES;
				CLANG_WARN_ENUM_CONVERSION = YES;
				CLANG_WARN_INFINITE_RECURSION = YES;
				CLANG_WARN_INT_CONVERSION = YES;
				CLANG_WARN_NON_LITERAL_NULL_CONVERSION = YES;
				CLANG_WARN_OBJC_IMPLICIT_RETAIN_SELF = YES;
				CLANG_WARN_OBJC_LITERAL_CONVERSION = YES;
				CLANG_WARN_OBJC_ROOT_CLASS = YES_ERROR;
				CLANG_WARN_QUOTED_INCLUDE_IN_FRAMEWORK_HEADER = YES;
				CLANG_WARN_RANGE_LOOP_ANALYSIS = YES;
				CLANG_WARN_STRICT_PROTOTYPES = YES;
				CLANG_WARN_SUSPICIOUS_MOVE = YES;
				CLANG_WARN_UNGUARDED_AVAILABILITY = YES_AGGRESSIVE;
				CLANG_WARN_UNREACHABLE_CODE = YES;
				CLANG_WARN__DUPLICATE_METHOD_MATCH = YES;
				COPY_PHASE_STRIP = NO;
				DEBUG_INFORMATION_FORMAT = "dwarf-with-dsym";
				ENABLE_NS_ASSERTIONS = NO;
				ENABLE_STRICT_OBJC_MSGSEND = YES;
				GCC_C_LANGUAGE_STANDARD = gnu11;
				GCC_NO_COMMON_BLOCKS = YES;
				GCC_WARN_64_TO_32_BIT_CONVERSION = YES;
				GCC_WARN_ABOUT_RETURN_TYPE = YES_ERROR;
				GCC_WARN_UNDECLARED_SELECTOR = YES;
				GCC_WARN_UNINITIALIZED_AUTOS = YES_AGGRESSIVE;
				GCC_WARN_UNUSED_FUNCTION = YES;
				GCC_WARN_UNUSED_VARIABLE = YES;
				IPHONEOS_DEPLOYMENT_TARGET = 17.0;
				MTL_ENABLE_DEBUG_INFO = NO;
				MTL_FAST_MATH = YES;
				PRODUCT_NAME = "$(TARGET_NAME)";
				SDKROOT = iphoneos;
				SWIFT_COMPILATION_MODE = wholemodule;
				SWIFT_OPTIMIZATION_LEVEL = "-O";
				SWIFT_VERSION = 5.0;
			};
			name = Release;
		};
/* End XCBuildConfiguration section */

/* Begin XCConfigurationList section */
		4AA577AFC0BA43FF83D71443 /* Build configuration list for PBXNativeTarget "Madaminu" */ = {
			isa = XCConfigurationList;
			buildConfigurations = (
				D66F7501146F86A80D3835D6 /* Debug */,
				7FE16F4D9B4E3BDBCC390A47 /* Release */,
			);
			defaultConfigurationIsVisible = 0;
			defaultConfigurationName = Debug;
		};
		5EED2BB4BF56312A43365F24 /* Build configuration list for PBXProject "Madaminu" */ = {
			isa = XCConfigurationList;
			buildConfigurations = (
				AAA84C85D4A6E4360E48F04E /* Debug */,
				D8A5B409B7213FD6117709A6 /* Release */,
			);
			defaultConfigurationIsVisible = 0;
			defaultConfigurationName = Debug;
		};
/* End XCConfigurationList section */

/* Begin XCLocalSwiftPackageReference section */
		63C63C0AFF605E3FDE218EFD /* XCLocalSwiftPackageReference "." */ = {
			isa = XCLocalSwiftPackageReference;
			relativePath = .;
		};
		AB5C27FCC9F1EB8551FE00BC /* XCLocalSwiftPackageReference "." */ = {
			isa = XCLocalSwiftPackageReference;
			relativePath = .;
		};
/* End XCLocalSwiftPackageReference section */

/* Begin XCSwiftPackageProductDependency section */
		07D2BCB643225A5D004E5C3D /* DesignSystem */ = {
			isa = XCSwiftPackageProductDependency;
			productName = DesignSystem;
		};
		0909B6EA967FCBF78BE6A5E1 /* MadaminuKit */ = {
			isa = XCSwiftPackageProductDependency;
			productName = MadaminuKit;
		};
/* End XCSwiftPackageProductDependency section */
	};
	rootObject = E9F671C8AD76659EFBD40EF8 /* Project object */;
}
